
Microsoft Visual Studio Solution File, Format Version 12.00
# Visual Studio Version 17
VisualStudioVersion = 17.5.33530.505
MinimumVisualStudioVersion = 10.0.40219.1
Project("{FAE04EC0-301F-11D3-BF4B-00C04F79EFBC}") = "Kelimeler_Q_Baslayanlar", "Kelimeler_Q_Baslayanlar\Kelimeler_Q_Baslayanlar.csproj", "{80683B55-7C7A-46E8-AFB7-C022FA8F810D}"
EndProject
Global
	GlobalSection(SolutionConfigurationPlatforms) = preSolution
		Debug|Any CPU = Debug|Any CPU
		Release|Any CPU = Release|Any CPU
	EndGlobalSection
	GlobalSection(ProjectConfigurationPlatforms) = postSolution
		{80683B55-7C7A-46E8-AFB7-C022FA8F810D}.Debug|Any CPU.ActiveCfg = Debug|Any CPU
		{80683B55-7C7A-46E8-AFB7-C022FA8F810D}.Debug|Any CPU.Build.0 = Debug|Any CPU
		{80683B55-7C7A-46E8-AFB7-C022FA8F810D}.Release|Any CPU.ActiveCfg = Release|Any CPU
		{80683B55-7C7A-46E8-AFB7-C022FA8F810D}.Release|Any CPU.Build.0 = Release|Any CPU
	EndGlobalSection
	GlobalSection(SolutionProperties) = preSolution
		HideSolutionNode = FALSE
	EndGlobalSection
	GlobalSection(ExtensibilityGlobals) = postSolution
		SolutionGuid = {0B6888B7-C4A7-4A09-86E7-743FBAA678A5}
	EndGlobalSection
EndGlobal
